
Microsoft Visual Studio Solution File, Format Version 12.00
# Visual Studio Version 16
VisualStudioVersion = 16.0.31613.86
MinimumVisualStudioVersion = 10.0.40219.1
Project("{FAE04EC0-301F-11D3-BF4B-00C04F79EFBC}") = "senai_01_rental_webAPI", "senai_01_rental_webAPI\senai_01_rental_webAPI.csproj", "{AEC072BD-92E9-463D-B815-B610DD3EFB88}"
EndProject
Global
	GlobalSection(SolutionConfigurationPlatforms) = preSolution
		Debug|Any CPU = Debug|Any CPU
		Release|Any CPU = Release|Any CPU
	EndGlobalSection
	GlobalSection(ProjectConfigurationPlatforms) = postSolution
		{AEC072BD-92E9-463D-B815-B610DD3EFB88}.Debug|Any CPU.ActiveCfg = Debug|Any CPU
		{AEC072BD-92E9-463D-B815-B610DD3EFB88}.Debug|Any CPU.Build.0 = Debug|Any CPU
		{AEC072BD-92E9-463D-B815-B610DD3EFB88}.Release|Any CPU.ActiveCfg = Release|Any CPU
		{AEC072BD-92E9-463D-B815-B610DD3EFB88}.Release|Any CPU.Build.0 = Release|Any CPU
	EndGlobalSection
	GlobalSection(SolutionProperties) = preSolution
		HideSolutionNode = FALSE
	EndGlobalSection
	GlobalSection(ExtensibilityGlobals) = postSolution
		SolutionGuid = {459B6A7A-3783-45BC-9E4C-61CF64602AAB}
	EndGlobalSection
EndGlobal
